
Microsoft Visual Studio Solution File, Format Version 12.00
# Visual Studio Version 17
VisualStudioVersion = 17.14.36414.22
MinimumVisualStudioVersion = 10.0.40219.1
Project("{2150E333-8FDC-42A3-9474-1A3956D46DE8}") = "Task0", "Task0", "{36D591C7-65C7-A0D1-1CBC-10CDE441BDC8}"
EndProject
Project("{2150E333-8FDC-42A3-9474-1A3956D46DE8}") = "Task1", "Task1", "{4AA565FA-3DCA-4ACB-BD83-E147C9DCC510}"
EndProject
Project("{2150E333-8FDC-42A3-9474-1A3956D46DE8}") = "Task2", "Task2", "{0E25BEA0-588F-4017-B95A-99C0F4277AF2}"
EndProject
Project("{2150E333-8FDC-42A3-9474-1A3956D46DE8}") = "Task3", "Task3", "{2E055D0E-A5BD-46CF-B35C-4FC968946A94}"
EndProject
Project("{2150E333-8FDC-42A3-9474-1A3956D46DE8}") = "Task4", "Task4", "{FE53AE58-F386-4499-B0F0-2E7D6CBABD5E}"
EndProject
Project("{2150E333-8FDC-42A3-9474-1A3956D46DE8}") = "Task5", "Task5", "{6B2E6742-AEB4-4B2A-9975-22610D82951E}"
EndProject
Project("{2150E333-8FDC-42A3-9474-1A3956D46DE8}") = "Task6", "Task6", "{D162095D-B533-465C-BEA2-2A3903201CAA}"
EndProject
Project("{FAE04EC0-301F-11D3-BF4B-00C04F79EFBC}") = "Tyuiu.skirnevskyBR.Sprint6.Task0.V16.Lib", "Tyuiu.skirnevskyBR.Sprint6.Task0.V16.Lib\Tyuiu.skirnevskyBR.Sprint6.Task0.V16.Lib.csproj", "{50CF2382-491C-4D58-8AE1-9E4C03CED6A0}"
EndProject
Project("{FAE04EC0-301F-11D3-BF4B-00C04F79EFBC}") = "Tyuiu.skirnevskyBR.Sprint6.Task0.V16.Test", "Tyuiu.skirnevskyBR.Sprint6.Task0.V16.Test\Tyuiu.skirnevskyBR.Sprint6.Task0.V16.Test.csproj", "{26D4CAC0-19EE-4B08-9F02-0533D2E26DC1}"
EndProject
Project("{FAE04EC0-301F-11D3-BF4B-00C04F79EFBC}") = "Tyuiu.skirnevskyBR.Sprint6.Task1.V23.Lib", "Tyuiu.skirnevskyBR.Sprint6.Task1.V23.Lib\Tyuiu.skirnevskyBR.Sprint6.Task1.V23.Lib.csproj", "{C0284788-AB54-4879-90B8-0E7680665BB8}"
EndProject
Project("{FAE04EC0-301F-11D3-BF4B-00C04F79EFBC}") = "Tyuiu.skirnevskyBR.Sprint6.Task1.V23.Test", "Tyuiu.skirnevskyBR.Sprint6.Task1.V23.Test\Tyuiu.skirnevskyBR.Sprint6.Task1.V23.Test.csproj", "{30C4BD58-8DFD-454A-9DA8-2EEDBB4DA251}"
EndProject
Project("{FAE04EC0-301F-11D3-BF4B-00C04F79EFBC}") = "Tyuiu.skirnevskyBR.Sprint6.Task2.V9.Lib", "Tyuiu.skirnevskyBR.Sprint6.Task2.V9.Lib\Tyuiu.skirnevskyBR.Sprint6.Task2.V9.Lib.csproj", "{C5D582CC-87CC-45F7-9232-B84524CF5F3A}"
EndProject
Project("{FAE04EC0-301F-11D3-BF4B-00C04F79EFBC}") = "Tyuiu.skirnevskyBR.Sprint6.Task2.V9.Test", "Tyuiu.skirnevskyBR.Sprint6.Task2.V9.Test\Tyuiu.skirnevskyBR.Sprint6.Task2.V9.Test.csproj", "{C246B1C8-2894-47CF-8EA2-090C3F41A70C}"
EndProject
Project("{FAE04EC0-301F-11D3-BF4B-00C04F79EFBC}") = "Tyuiu.skirnevskyBR.Sprint6.Task3.V24.Lib", "Tyuiu.skirnevskyBR.Sprint6.Task3.V24.Lib\Tyuiu.skirnevskyBR.Sprint6.Task3.V24.Lib.csproj", "{129E1B2C-813A-4785-9962-2E6FEAF79594}"
EndProject
Project("{FAE04EC0-301F-11D3-BF4B-00C04F79EFBC}") = "Tyuiu.skirnevskyBR.Sprint6.Task3.V24.Test", "Tyuiu.skirnevskyBR.Sprint6.Task3.V24.Test\Tyuiu.skirnevskyBR.Sprint6.Task3.V24.Test.csproj", "{098B9D5E-8E5D-4DEE-98ED-7F6DFC6C8BC0}"
EndProject
Project("{FAE04EC0-301F-11D3-BF4B-00C04F79EFBC}") = "Tyuiu.skirnevskyBR.Sprint6.Task4.V16.Lib", "Tyuiu.skirnevskyBR.Sprint6.Task4.V16.Lib\Tyuiu.skirnevskyBR.Sprint6.Task4.V16.Lib.csproj", "{0A9F22BC-8ECF-4D2B-881A-E6A8783A43AF}"
EndProject
Project("{FAE04EC0-301F-11D3-BF4B-00C04F79EFBC}") = "Tyuiu.skirnevskyBR.Sprint6.Task4.V16.Test", "Tyuiu.skirnevskyBR.Sprint6.Task4.V16.Test\Tyuiu.skirnevskyBR.Sprint6.Task4.V16.Test.csproj", "{3C2C71E2-EB40-4026-8BDE-3A299C38C5AD}"
EndProject
Project("{2150E333-8FDC-42A3-9474-1A3956D46DE8}") = "Task7", "Task7", "{CC415A50-2865-4C52-B220-A76C5636084C}"
EndProject
Project("{FAE04EC0-301F-11D3-BF4B-00C04F79EFBC}") = "Tyuiu.skirnevskyBR.Sprint6.Task5.V30.Lib", "Tyuiu.skirnevskyBR.Sprint6.Task5.V30.lib\Tyuiu.skirnevskyBR.Sprint6.Task5.V30.Lib.csproj", "{97B9381A-9BCD-41AF-8CF3-D234CD10036A}"
EndProject
Project("{FAE04EC0-301F-11D3-BF4B-00C04F79EFBC}") = "Tyuiu.skirnevskyBR.Sprint6.Task5.V30.Test", "Tyuiu.skirnevskyBR.Sprint6.Task5.V30.Test\Tyuiu.skirnevskyBR.Sprint6.Task5.V30.Test.csproj", "{59AD8F97-4BED-41F1-AE60-BEFFA2D3DA23}"
EndProject
Project("{FAE04EC0-301F-11D3-BF4B-00C04F79EFBC}") = "Tyuiu.skirnevskyBR.Sprint6.Task6.V11.Lib", "Tyuiu.skirnevskyBR.Sprint6.Task6.V11.Lib\Tyuiu.skirnevskyBR.Sprint6.Task6.V11.Lib.csproj", "{E4F0DC44-8B68-4481-A93D-3B544228B857}"
EndProject
Project("{FAE04EC0-301F-11D3-BF4B-00C04F79EFBC}") = "Tyuiu.skirnevskyBR.Sprint6.Task6.V11.Test", "Tyuiu.skirnevskyBR.Sprint6.Task6.V11.Test\Tyuiu.skirnevskyBR.Sprint6.Task6.V11.Test.csproj", "{217BCB39-52E2-4E82-BBA4-5132FFDDDF36}"
EndProject
Project("{FAE04EC0-301F-11D3-BF4B-00C04F79EFBC}") = "Tyuiu.skirnevskyBR.Sprint6.Task7.V13.Lib", "Tyuiu.skirnevskyBR.Sprint6.Task7.V13.Lib\Tyuiu.skirnevskyBR.Sprint6.Task7.V13.Lib.csproj", "{A73C6468-E0C4-461C-ADBC-FD6412E2620D}"
EndProject
Project("{FAE04EC0-301F-11D3-BF4B-00C04F79EFBC}") = "Tyuiu.skirnevskyBR.Sprint6.Task7.V13.Test", "Tyuiu.skirnevskyBR.Sprint6.Task7.V13.Test\Tyuiu.skirnevskyBR.Sprint6.Task7.V13.Test.csproj", "{DB35D5A9-53CA-44AF-9AFA-81BEFDBD7E32}"
EndProject
Project("{FAE04EC0-301F-11D3-BF4B-00C04F79EFBC}") = "Tyuiu.skirnevskyBR.Sprint6.Task0.V16", "Tyuiu.skirnevskyBR.Sprint6.Task0.V16\Tyuiu.skirnevskyBR.Sprint6.Task0.V16.csproj", "{496ECFEA-8673-466D-B54F-957E8FD98DAE}"
EndProject
Global
	GlobalSection(SolutionConfigurationPlatforms) = preSolution
		Debug|Any CPU = Debug|Any CPU
		Release|Any CPU = Release|Any CPU
	EndGlobalSection
	GlobalSection(ProjectConfigurationPlatforms) = postSolution
		{50CF2382-491C-4D58-8AE1-9E4C03CED6A0}.Debug|Any CPU.ActiveCfg = Debug|Any CPU
		{50CF2382-491C-4D58-8AE1-9E4C03CED6A0}.Debug|Any CPU.Build.0 = Debug|Any CPU
		{50CF2382-491C-4D58-8AE1-9E4C03CED6A0}.Release|Any CPU.ActiveCfg = Release|Any CPU
		{50CF2382-491C-4D58-8AE1-9E4C03CED6A0}.Release|Any CPU.Build.0 = Release|Any CPU
		{26D4CAC0-19EE-4B08-9F02-0533D2E26DC1}.Debug|Any CPU.ActiveCfg = Debug|Any CPU
		{26D4CAC0-19EE-4B08-9F02-0533D2E26DC1}.Debug|Any CPU.Build.0 = Debug|Any CPU
		{26D4CAC0-19EE-4B08-9F02-0533D2E26DC1}.Release|Any CPU.ActiveCfg = Release|Any CPU
		{26D4CAC0-19EE-4B08-9F02-0533D2E26DC1}.Release|Any CPU.Build.0 = Release|Any CPU
		{C0284788-AB54-4879-90B8-0E7680665BB8}.Debug|Any CPU.ActiveCfg = Debug|Any CPU
		{C0284788-AB54-4879-90B8-0E7680665BB8}.Debug|Any CPU.Build.0 = Debug|Any CPU
		{C0284788-AB54-4879-90B8-0E7680665BB8}.Release|Any CPU.ActiveCfg = Release|Any CPU
		{C0284788-AB54-4879-90B8-0E7680665BB8}.Release|Any CPU.Build.0 = Release|Any CPU
		{30C4BD58-8DFD-454A-9DA8-2EEDBB4DA251}.Debug|Any CPU.ActiveCfg = Debug|Any CPU
		{30C4BD58-8DFD-454A-9DA8-2EEDBB4DA251}.Debug|Any CPU.Build.0 = Debug|Any CPU
		{30C4BD58-8DFD-454A-9DA8-2EEDBB4DA251}.Release|Any CPU.ActiveCfg = Release|Any CPU
		{30C4BD58-8DFD-454A-9DA8-2EEDBB4DA251}.Release|Any CPU.Build.0 = Release|Any CPU
		{C5D582CC-87CC-45F7-9232-B84524CF5F3A}.Debug|Any CPU.ActiveCfg = Debug|Any CPU
		{C5D582CC-87CC-45F7-9232-B84524CF5F3A}.Debug|Any CPU.Build.0 = Debug|Any CPU
		{C5D582CC-87CC-45F7-9232-B84524CF5F3A}.Release|Any CPU.ActiveCfg = Release|Any CPU
		{C5D582CC-87CC-45F7-9232-B84524CF5F3A}.Release|Any CPU.Build.0 = Release|Any CPU
		{C246B1C8-2894-47CF-8EA2-090C3F41A70C}.Debug|Any CPU.ActiveCfg = Debug|Any CPU
		{C246B1C8-2894-47CF-8EA2-090C3F41A70C}.Debug|Any CPU.Build.0 = Debug|Any CPU
		{C246B1C8-2894-47CF-8EA2-090C3F41A70C}.Release|Any CPU.ActiveCfg = Release|Any CPU
		{C246B1C8-2894-47CF-8EA2-090C3F41A70C}.Release|Any CPU.Build.0 = Release|Any CPU
		{129E1B2C-813A-4785-9962-2E6FEAF79594}.Debug|Any CPU.ActiveCfg = Debug|Any CPU
		{129E1B2C-813A-4785-9962-2E6FEAF79594}.Debug|Any CPU.Build.0 = Debug|Any CPU
		{129E1B2C-813A-4785-9962-2E6FEAF79594}.Release|Any CPU.ActiveCfg = Release|Any CPU
		{129E1B2C-813A-4785-9962-2E6FEAF79594}.Release|Any CPU.Build.0 = Release|Any CPU
		{098B9D5E-8E5D-4DEE-98ED-7F6DFC6C8BC0}.Debug|Any CPU.ActiveCfg = Debug|Any CPU
		{098B9D5E-8E5D-4DEE-98ED-7F6DFC6C8BC0}.Debug|Any CPU.Build.0 = Debug|Any CPU
		{098B9D5E-8E5D-4DEE-98ED-7F6DFC6C8BC0}.Release|Any CPU.ActiveCfg = Release|Any CPU
		{098B9D5E-8E5D-4DEE-98ED-7F6DFC6C8BC0}.Release|Any CPU.Build.0 = Release|Any CPU
		{0A9F22BC-8ECF-4D2B-881A-E6A8783A43AF}.Debug|Any CPU.ActiveCfg = Debug|Any CPU
		{0A9F22BC-8ECF-4D2B-881A-E6A8783A43AF}.Debug|Any CPU.Build.0 = Debug|Any CPU
		{0A9F22BC-8ECF-4D2B-881A-E6A8783A43AF}.Release|Any CPU.ActiveCfg = Release|Any CPU
		{0A9F22BC-8ECF-4D2B-881A-E6A8783A43AF}.Release|Any CPU.Build.0 = Release|Any CPU
		{3C2C71E2-EB40-4026-8BDE-3A299C38C5AD}.Debug|Any CPU.ActiveCfg = Debug|Any CPU
		{3C2C71E2-EB40-4026-8BDE-3A299C38C5AD}.Debug|Any CPU.Build.0 = Debug|Any CPU
		{3C2C71E2-EB40-4026-8BDE-3A299C38C5AD}.Release|Any CPU.ActiveCfg = Release|Any CPU
		{3C2C71E2-EB40-4026-8BDE-3A299C38C5AD}.Release|Any CPU.Build.0 = Release|Any CPU
		{97B9381A-9BCD-41AF-8CF3-D234CD10036A}.Debug|Any CPU.ActiveCfg = Debug|Any CPU
		{97B9381A-9BCD-41AF-8CF3-D234CD10036A}.Debug|Any CPU.Build.0 = Debug|Any CPU
		{97B9381A-9BCD-41AF-8CF3-D234CD10036A}.Release|Any CPU.ActiveCfg = Release|Any CPU
		{97B9381A-9BCD-41AF-8CF3-D234CD10036A}.Release|Any CPU.Build.0 = Release|Any CPU
		{59AD8F97-4BED-41F1-AE60-BEFFA2D3DA23}.Debug|Any CPU.ActiveCfg = Debug|Any CPU
		{59AD8F97-4BED-41F1-AE60-BEFFA2D3DA23}.Debug|Any CPU.Build.0 = Debug|Any CPU
		{59AD8F97-4BED-41F1-AE60-BEFFA2D3DA23}.Release|Any CPU.ActiveCfg = Release|Any CPU
		{59AD8F97-4BED-41F1-AE60-BEFFA2D3DA23}.Release|Any CPU.Build.0 = Release|Any CPU
		{E4F0DC44-8B68-4481-A93D-3B544228B857}.Debug|Any CPU.ActiveCfg = Debug|Any CPU
		{E4F0DC44-8B68-4481-A93D-3B544228B857}.Debug|Any CPU.Build.0 = Debug|Any CPU
		{E4F0DC44-8B68-4481-A93D-3B544228B857}.Release|Any CPU.ActiveCfg = Release|Any CPU
		{E4F0DC44-8B68-4481-A93D-3B544228B857}.Release|Any CPU.Build.0 = Release|Any CPU
		{217BCB39-52E2-4E82-BBA4-5132FFDDDF36}.Debug|Any CPU.ActiveCfg = Debug|Any CPU
		{217BCB39-52E2-4E82-BBA4-5132FFDDDF36}.Debug|Any CPU.Build.0 = Debug|Any CPU
		{217BCB39-52E2-4E82-BBA4-5132FFDDDF36}.Release|Any CPU.ActiveCfg = Release|Any CPU
		{217BCB39-52E2-4E82-BBA4-5132FFDDDF36}.Release|Any CPU.Build.0 = Release|Any CPU
		{A73C6468-E0C4-461C-ADBC-FD6412E2620D}.Debug|Any CPU.ActiveCfg = Debug|Any CPU
		{A73C6468-E0C4-461C-ADBC-FD6412E2620D}.Debug|Any CPU.Build.0 = Debug|Any CPU
		{A73C6468-E0C4-461C-ADBC-FD6412E2620D}.Release|Any CPU.ActiveCfg = Release|Any CPU
		{A73C6468-E0C4-461C-ADBC-FD6412E2620D}.Release|Any CPU.Build.0 = Release|Any CPU
		{DB35D5A9-53CA-44AF-9AFA-81BEFDBD7E32}.Debug|Any CPU.ActiveCfg = Debug|Any CPU
		{DB35D5A9-53CA-44AF-9AFA-81BEFDBD7E32}.Debug|Any CPU.Build.0 = Debug|Any CPU
		{DB35D5A9-53CA-44AF-9AFA-81BEFDBD7E32}.Release|Any CPU.ActiveCfg = Release|Any CPU
		{DB35D5A9-53CA-44AF-9AFA-81BEFDBD7E32}.Release|Any CPU.Build.0 = Release|Any CPU
		{496ECFEA-8673-466D-B54F-957E8FD98DAE}.Debug|Any CPU.ActiveCfg = Debug|Any CPU
		{496ECFEA-8673-466D-B54F-957E8FD98DAE}.Debug|Any CPU.Build.0 = Debug|Any CPU
		{496ECFEA-8673-466D-B54F-957E8FD98DAE}.Release|Any CPU.ActiveCfg = Release|Any CPU
		{496ECFEA-8673-466D-B54F-957E8FD98DAE}.Release|Any CPU.Build.0 = Release|Any CPU
	EndGlobalSection
	GlobalSection(SolutionProperties) = preSolution
		HideSolutionNode = FALSE
	EndGlobalSection
	GlobalSection(NestedProjects) = preSolution
		{50CF2382-491C-4D58-8AE1-9E4C03CED6A0} = {36D591C7-65C7-A0D1-1CBC-10CDE441BDC8}
		{26D4CAC0-19EE-4B08-9F02-0533D2E26DC1} = {36D591C7-65C7-A0D1-1CBC-10CDE441BDC8}
		{C0284788-AB54-4879-90B8-0E7680665BB8} = {4AA565FA-3DCA-4ACB-BD83-E147C9DCC510}
		{30C4BD58-8DFD-454A-9DA8-2EEDBB4DA251} = {4AA565FA-3DCA-4ACB-BD83-E147C9DCC510}
		{C5D582CC-87CC-45F7-9232-B84524CF5F3A} = {0E25BEA0-588F-4017-B95A-99C0F4277AF2}
		{C246B1C8-2894-47CF-8EA2-090C3F41A70C} = {0E25BEA0-588F-4017-B95A-99C0F4277AF2}
		{129E1B2C-813A-4785-9962-2E6FEAF79594} = {2E055D0E-A5BD-46CF-B35C-4FC968946A94}
		{098B9D5E-8E5D-4DEE-98ED-7F6DFC6C8BC0} = {2E055D0E-A5BD-46CF-B35C-4FC968946A94}
		{0A9F22BC-8ECF-4D2B-881A-E6A8783A43AF} = {FE53AE58-F386-4499-B0F0-2E7D6CBABD5E}
		{3C2C71E2-EB40-4026-8BDE-3A299C38C5AD} = {FE53AE58-F386-4499-B0F0-2E7D6CBABD5E}
		{97B9381A-9BCD-41AF-8CF3-D234CD10036A} = {6B2E6742-AEB4-4B2A-9975-22610D82951E}
		{59AD8F97-4BED-41F1-AE60-BEFFA2D3DA23} = {6B2E6742-AEB4-4B2A-9975-22610D82951E}
		{E4F0DC44-8B68-4481-A93D-3B544228B857} = {D162095D-B533-465C-BEA2-2A3903201CAA}
		{217BCB39-52E2-4E82-BBA4-5132FFDDDF36} = {D162095D-B533-465C-BEA2-2A3903201CAA}
		{A73C6468-E0C4-461C-ADBC-FD6412E2620D} = {CC415A50-2865-4C52-B220-A76C5636084C}
		{DB35D5A9-53CA-44AF-9AFA-81BEFDBD7E32} = {CC415A50-2865-4C52-B220-A76C5636084C}
		{496ECFEA-8673-466D-B54F-957E8FD98DAE} = {36D591C7-65C7-A0D1-1CBC-10CDE441BDC8}
	EndGlobalSection
	GlobalSection(ExtensibilityGlobals) = postSolution
		SolutionGuid = {847AFD9E-BAA5-4925-B76A-8F6642497814}
	EndGlobalSection
EndGlobal
